
Microsoft Visual Studio Solution File, Format Version 12.00
# Visual Studio 2012
Project("{FAE04EC0-301F-11D3-BF4B-00C04F79EFBC}") = "globalplatform.net", "globalplatform.net.csproj", "{F0DDA92E-B626-436A-92C4-D0075EBCADBB}"
EndProject
Project("{FAE04EC0-301F-11D3-BF4B-00C04F79EFBC}") = "globalplatform.net.test", "..\globalplatform.net.test\globalplatform.net.test.csproj", "{0549FE6A-DB83-469E-B3D6-527786251612}"
EndProject
Global
	GlobalSection(SolutionConfigurationPlatforms) = preSolution
		Debug|Any CPU = Debug|Any CPU
		Release|Any CPU = Release|Any CPU
	EndGlobalSection
	GlobalSection(ProjectConfigurationPlatforms) = postSolution
		{F0DDA92E-B626-436A-92C4-D0075EBCADBB}.Debug|Any CPU.ActiveCfg = Debug|Any CPU
		{F0DDA92E-B626-436A-92C4-D0075EBCADBB}.Debug|Any CPU.Build.0 = Debug|Any CPU
		{F0DDA92E-B626-436A-92C4-D0075EBCADBB}.Release|Any CPU.ActiveCfg = Release|Any CPU
		{F0DDA92E-B626-436A-92C4-D0075EBCADBB}.Release|Any CPU.Build.0 = Release|Any CPU
		{0549FE6A-DB83-469E-B3D6-527786251612}.Debug|Any CPU.ActiveCfg = Debug|Any CPU
		{0549FE6A-DB83-469E-B3D6-527786251612}.Debug|Any CPU.Build.0 = Debug|Any CPU
		{0549FE6A-DB83-469E-B3D6-527786251612}.Release|Any CPU.ActiveCfg = Release|Any CPU
		{0549FE6A-DB83-469E-B3D6-527786251612}.Release|Any CPU.Build.0 = Release|Any CPU
	EndGlobalSection
	GlobalSection(SolutionProperties) = preSolution
		HideSolutionNode = FALSE
	EndGlobalSection
EndGlobal
